Microsoft Visual Studio Solution File, Format Version 12.00
# Visual Studio 15
VisualStudioVersion = 15.0.26228.9
MinimumVisualStudioVersion = 10.0.40219.1

Project("{2150E333-8FDC-42A3-9474-1A3956D46DE8}") = "_Basic", "_Basic", "{4D7AA6CE-9187-4A04-B3DE-765EB9F4E96F}"
EndProject
Project("{2150E333-8FDC-42A3-9474-1A3956D46DE8}") = "Features", "Features", "{D202C0F3-9360-4550-A804-C407B157306D}"
EndProject
Project("{FAE04EC0-301F-11D3-BF4B-00C04F79EFBC}") = "BasicDemo", "BasicDemo\BasicDemo.csproj", "{853A1B65-F7A9-4669-BBF1-DA4E8345FDAA}"
EndProject
Project("{FAE04EC0-301F-11D3-BF4B-00C04F79EFBC}") = "AdvantageDemo", "AdvantageDemo\AdvantageDemo.csproj", "{F4CE8570-3067-4512-841E-72A42C143285}"
EndProject
Project("{2150E333-8FDC-42A3-9474-1A3956D46DE8}") = "Database servers", "Database servers", "{CDD03FB7-DB58-4E52-940B-7770EC5723F1}"
EndProject
Project("{FAE04EC0-301F-11D3-BF4B-00C04F79EFBC}") = "AlternateNames", "AlternateNames\AlternateNames.csproj", "{1A6D02EF-05B2-476C-9737-47FCD0BAB93C}"
EndProject
Project("{FAE04EC0-301F-11D3-BF4B-00C04F79EFBC}") = "AppendCriteriaStringDemo", "AppendCriteriaStringDemo\AppendCriteriaStringDemo.csproj", "{A487FDCB-8EF1-4143-ACB6-531D60A556A9}"
EndProject
Project("{FAE04EC0-301F-11D3-BF4B-00C04F79EFBC}") = "ConsolidatedMetadataContainer", "ConsolidatedMetadataContainer\ConsolidatedMetadataContainer.csproj", "{859439CA-83FB-4DA6-A817-3F7D6C91F2F5}"
EndProject
Project("{FAE04EC0-301F-11D3-BF4B-00C04F79EFBC}") = "CustomColumnsDemo", "CustomColumnsDemo\CustomColumnsDemo.csproj", "{A6561268-085D-4829-B398-032CF0F65B30}"
EndProject
Project("{FAE04EC0-301F-11D3-BF4B-00C04F79EFBC}") = "CustomExpressionBuilder", "CustomExpressionBuilder\CustomExpressionBuilder.csproj", "{ACEF2B89-C2F6-442B-9589-DA0CC80180BC}"
EndProject
Project("{FAE04EC0-301F-11D3-BF4B-00C04F79EFBC}") = "DatasourceFieldsLinkingDragnDropDemo", "DatasourceFieldsLinkingDragnDropDemo\DatasourceFieldsLinkingDragnDropDemo.csproj", "{54281A37-E8C6-402E-A1EB-E38F1BAE7972}"
EndProject
Project("{FAE04EC0-301F-11D3-BF4B-00C04F79EFBC}") = "DB2demo", "DB2demo\DB2demo.csproj", "{19CADD67-B4E9-49ED-BB59-9B91519DE616}"
EndProject
Project("{FAE04EC0-301F-11D3-BF4B-00C04F79EFBC}") = "DragDropDemo", "DragDropDemo\DragDropDemo.csproj", "{511FC9A9-0358-425E-A848-BDA70ADE37B6}"
EndProject
Project("{FAE04EC0-301F-11D3-BF4B-00C04F79EFBC}") = "ExpressionEditorDemo", "ExpressionEditorDemo\ExpressionEditorDemo.csproj", "{A19674BD-68D3-4362-98F6-767AA82CBA58}"
EndProject
Project("{FAE04EC0-301F-11D3-BF4B-00C04F79EFBC}") = "FirebirdDemo", "FirebirdDemo\FirebirdDemo.csproj", "{B321623F-92F9-4512-A4CC-BD12154C0FBA}"
EndProject
Project("{FAE04EC0-301F-11D3-BF4B-00C04F79EFBC}") = "FullFeaturedDemo", "FullFeaturedDemo\FullFeaturedDemo.csproj", "{4202D581-9EC6-4212-8D4F-8737F1FC9FAB}"
EndProject
Project("{FAE04EC0-301F-11D3-BF4B-00C04F79EFBC}") = "FullFeaturedMdiDemo", "FullFeaturedMdiDemo\FullFeaturedMdiDemo.csproj", "{5398D988-F727-442E-BDE4-CDE35B956A61}"
EndProject
Project("{FAE04EC0-301F-11D3-BF4B-00C04F79EFBC}") = "InformixDemo", "InformixDemo\InformixDemo.csproj", "{B260E06E-DFCC-453D-878B-8520B7260CB6}"
EndProject
Project("{FAE04EC0-301F-11D3-BF4B-00C04F79EFBC}") = "InterfaceCustomizationDemo", "InterfaceCustomizationDemo\InterfaceCustomizationDemo.csproj", "{70376468-B60C-4FEF-AD2B-8FE30E244F1A}"
EndProject
Project("{FAE04EC0-301F-11D3-BF4B-00C04F79EFBC}") = "LoadMetadataAsync", "LoadMetadataAsync\LoadMetadataAsync.csproj", "{89A6F168-D92B-4DF8-8322-69EF3C47959C}"
EndProject
Project("{FAE04EC0-301F-11D3-BF4B-00C04F79EFBC}") = "LoadMetadataDemo", "LoadMetadataDemo\LoadMetadataDemo.csproj", "{3DF40398-D24C-4972-B583-EFEADB1ABE1F}"
EndProject
Project("{FAE04EC0-301F-11D3-BF4B-00C04F79EFBC}") = "MetadataStructureDemo", "MetadataStructureDemo\MetadataStructureDemo.csproj", "{F2F49446-7513-4F4F-926E-B1B82BAB1112}"
EndProject
Project("{FAE04EC0-301F-11D3-BF4B-00C04F79EFBC}") = "MySQLdemo", "MySQLdemo\MySQLdemo.csproj", "{F0340CBA-A99E-4B02-BC67-33F166360518}"
EndProject
Project("{FAE04EC0-301F-11D3-BF4B-00C04F79EFBC}") = "PanesVisibilityDemo", "PanesVisibilityDemo\PanesVisibilityDemo.csproj", "{87B86E9F-98B9-4DC9-B4A0-F14DF335C46A}"
EndProject
Project("{FAE04EC0-301F-11D3-BF4B-00C04F79EFBC}") = "PostgreSQLDemo", "PostgreSQLDemo\PostgreSQLDemo.csproj", "{3ED162FA-5A33-4F36-91F8-FE6363097C2F}"
EndProject
Project("{FAE04EC0-301F-11D3-BF4B-00C04F79EFBC}") = "QueryCreationDemo", "QueryCreationDemo\QueryCreationDemo.csproj", "{6CB89A8B-4DE3-43A1-9E9A-9ABE729ECF61}"
EndProject
Project("{FAE04EC0-301F-11D3-BF4B-00C04F79EFBC}") = "QueryModificationDemo", "QueryModificationDemo\QueryModificationDemo.csproj", "{66AB95EC-42F9-4056-9C04-E4EAFEFB7977}"
EndProject
Project("{FAE04EC0-301F-11D3-BF4B-00C04F79EFBC}") = "QueryStructureDemo", "QueryStructureDemo\QueryStructureDemo.csproj", "{EBD5586C-843B-4F84-80A7-0D9D395C5A22}"
EndProject
Project("{FAE04EC0-301F-11D3-BF4B-00C04F79EFBC}") = "QueryTransformerDemo", "QueryTransformerDemo\QueryTransformerDemo.csproj", "{24A8722B-4C0A-437D-B649-40D5B9A3D6AA}"
EndProject
Project("{FAE04EC0-301F-11D3-BF4B-00C04F79EFBC}") = "QueryUIEventsDemo", "QueryUIEventsDemo\QueryUIEventsDemo.csproj", "{A2FC432F-CA2B-44EA-AFEF-08DB053536D5}"
EndProject
Project("{FAE04EC0-301F-11D3-BF4B-00C04F79EFBC}") = "SeparatedComponents", "SeparatedComponents\SeparatedComponents.csproj", "{BD6C9569-B76C-459B-ADF1-DDF0E8288C63}"
EndProject
Project("{FAE04EC0-301F-11D3-BF4B-00C04F79EFBC}") = "SubQueryResultsPreview", "SubQueryResultsPreview\SubQueryResultsPreview.csproj", "{1CC4F447-38D0-4F2C-A6BB-999CA143A1B8}"
EndProject
Project("{FAE04EC0-301F-11D3-BF4B-00C04F79EFBC}") = "SubQueryTextEditingDemo", "SubQueryTextEditingDemo\SubQueryTextEditingDemo.csproj", "{DFB98C0E-F8B2-4E43-9E2D-0854C39E74B8}"
EndProject
Project("{FAE04EC0-301F-11D3-BF4B-00C04F79EFBC}") = "SybaseDemo", "SybaseDemo\SybaseDemo.csproj", "{356DE91E-637C-4B23-8EA3-D91BD388399B}"
EndProject
Project("{FAE04EC0-301F-11D3-BF4B-00C04F79EFBC}") = "VirtualObjectsAndFields", "VirtualObjectsAndFields\VirtualObjectsAndFields.csproj", "{4B73F937-E1A5-4140-B4E7-EAF8CFC07D32}"
EndProject
Project("{FAE04EC0-301F-11D3-BF4B-00C04F79EFBC}") = "VistaDB5demo", "VistaDB5demo\VistaDB5demo.csproj", "{F9B4D923-7B7D-4A63-A006-63C05D8A298B}"
EndProject
Global
	GlobalSection(SolutionConfigurationPlatforms) = preSolution
		Debug|Any CPU = Debug|Any CPU
		Release|Any CPU = Release|Any CPU
	EndGlobalSection
	GlobalSection(ProjectConfigurationPlatforms) = postSolution
{853A1B65-F7A9-4669-BBF1-DA4E8345FDAA}.Debug|Any CPU.ActiveCfg = Debug|Any CPU
{853A1B65-F7A9-4669-BBF1-DA4E8345FDAA}.Debug|Any CPU.Build.0 = Debug|Any CPU
{853A1B65-F7A9-4669-BBF1-DA4E8345FDAA}.Release|Any CPU.ActiveCfg = Release|Any CPU
{853A1B65-F7A9-4669-BBF1-DA4E8345FDAA}.Release|Any CPU.Build.0 = Release|Any CPU

{F4CE8570-3067-4512-841E-72A42C143285}.Debug|Any CPU.ActiveCfg = Debug|Any CPU
{F4CE8570-3067-4512-841E-72A42C143285}.Debug|Any CPU.Build.0 = Debug|Any CPU
{F4CE8570-3067-4512-841E-72A42C143285}.Release|Any CPU.ActiveCfg = Release|Any CPU
{F4CE8570-3067-4512-841E-72A42C143285}.Release|Any CPU.Build.0 = Release|Any CPU

{1A6D02EF-05B2-476C-9737-47FCD0BAB93C}.Debug|Any CPU.ActiveCfg = Debug|Any CPU
{1A6D02EF-05B2-476C-9737-47FCD0BAB93C}.Debug|Any CPU.Build.0 = Debug|Any CPU
{1A6D02EF-05B2-476C-9737-47FCD0BAB93C}.Release|Any CPU.ActiveCfg = Release|Any CPU
{1A6D02EF-05B2-476C-9737-47FCD0BAB93C}.Release|Any CPU.Build.0 = Release|Any CPU

{A487FDCB-8EF1-4143-ACB6-531D60A556A9}.Debug|Any CPU.ActiveCfg = Debug|Any CPU
{A487FDCB-8EF1-4143-ACB6-531D60A556A9}.Debug|Any CPU.Build.0 = Debug|Any CPU
{A487FDCB-8EF1-4143-ACB6-531D60A556A9}.Release|Any CPU.ActiveCfg = Release|Any CPU
{A487FDCB-8EF1-4143-ACB6-531D60A556A9}.Release|Any CPU.Build.0 = Release|Any CPU

{859439CA-83FB-4DA6-A817-3F7D6C91F2F5}.Debug|Any CPU.ActiveCfg = Debug|Any CPU
{859439CA-83FB-4DA6-A817-3F7D6C91F2F5}.Debug|Any CPU.Build.0 = Debug|Any CPU
{859439CA-83FB-4DA6-A817-3F7D6C91F2F5}.Release|Any CPU.ActiveCfg = Release|Any CPU
{859439CA-83FB-4DA6-A817-3F7D6C91F2F5}.Release|Any CPU.Build.0 = Release|Any CPU

{A6561268-085D-4829-B398-032CF0F65B30}.Debug|Any CPU.ActiveCfg = Debug|Any CPU
{A6561268-085D-4829-B398-032CF0F65B30}.Debug|Any CPU.Build.0 = Debug|Any CPU
{A6561268-085D-4829-B398-032CF0F65B30}.Release|Any CPU.ActiveCfg = Release|Any CPU
{A6561268-085D-4829-B398-032CF0F65B30}.Release|Any CPU.Build.0 = Release|Any CPU

{ACEF2B89-C2F6-442B-9589-DA0CC80180BC}.Debug|Any CPU.ActiveCfg = Debug|Any CPU
{ACEF2B89-C2F6-442B-9589-DA0CC80180BC}.Debug|Any CPU.Build.0 = Debug|Any CPU
{ACEF2B89-C2F6-442B-9589-DA0CC80180BC}.Release|Any CPU.ActiveCfg = Release|Any CPU
{ACEF2B89-C2F6-442B-9589-DA0CC80180BC}.Release|Any CPU.Build.0 = Release|Any CPU

{54281A37-E8C6-402E-A1EB-E38F1BAE7972}.Debug|Any CPU.ActiveCfg = Debug|Any CPU
{54281A37-E8C6-402E-A1EB-E38F1BAE7972}.Debug|Any CPU.Build.0 = Debug|Any CPU
{54281A37-E8C6-402E-A1EB-E38F1BAE7972}.Release|Any CPU.ActiveCfg = Release|Any CPU
{54281A37-E8C6-402E-A1EB-E38F1BAE7972}.Release|Any CPU.Build.0 = Release|Any CPU

{19CADD67-B4E9-49ED-BB59-9B91519DE616}.Debug|Any CPU.ActiveCfg = Debug|Any CPU
{19CADD67-B4E9-49ED-BB59-9B91519DE616}.Debug|Any CPU.Build.0 = Debug|Any CPU
{19CADD67-B4E9-49ED-BB59-9B91519DE616}.Release|Any CPU.ActiveCfg = Release|Any CPU
{19CADD67-B4E9-49ED-BB59-9B91519DE616}.Release|Any CPU.Build.0 = Release|Any CPU

{511FC9A9-0358-425E-A848-BDA70ADE37B6}.Debug|Any CPU.ActiveCfg = Debug|Any CPU
{511FC9A9-0358-425E-A848-BDA70ADE37B6}.Debug|Any CPU.Build.0 = Debug|Any CPU
{511FC9A9-0358-425E-A848-BDA70ADE37B6}.Release|Any CPU.ActiveCfg = Release|Any CPU
{511FC9A9-0358-425E-A848-BDA70ADE37B6}.Release|Any CPU.Build.0 = Release|Any CPU

{A19674BD-68D3-4362-98F6-767AA82CBA58}.Debug|Any CPU.ActiveCfg = Debug|Any CPU
{A19674BD-68D3-4362-98F6-767AA82CBA58}.Debug|Any CPU.Build.0 = Debug|Any CPU
{A19674BD-68D3-4362-98F6-767AA82CBA58}.Release|Any CPU.ActiveCfg = Release|Any CPU
{A19674BD-68D3-4362-98F6-767AA82CBA58}.Release|Any CPU.Build.0 = Release|Any CPU

{B321623F-92F9-4512-A4CC-BD12154C0FBA}.Debug|Any CPU.ActiveCfg = Debug|Any CPU
{B321623F-92F9-4512-A4CC-BD12154C0FBA}.Debug|Any CPU.Build.0 = Debug|Any CPU
{B321623F-92F9-4512-A4CC-BD12154C0FBA}.Release|Any CPU.ActiveCfg = Release|Any CPU
{B321623F-92F9-4512-A4CC-BD12154C0FBA}.Release|Any CPU.Build.0 = Release|Any CPU

{4202D581-9EC6-4212-8D4F-8737F1FC9FAB}.Debug|Any CPU.ActiveCfg = Debug|Any CPU
{4202D581-9EC6-4212-8D4F-8737F1FC9FAB}.Debug|Any CPU.Build.0 = Debug|Any CPU
{4202D581-9EC6-4212-8D4F-8737F1FC9FAB}.Release|Any CPU.ActiveCfg = Release|Any CPU
{4202D581-9EC6-4212-8D4F-8737F1FC9FAB}.Release|Any CPU.Build.0 = Release|Any CPU

{5398D988-F727-442E-BDE4-CDE35B956A61}.Debug|Any CPU.ActiveCfg = Debug|Any CPU
{5398D988-F727-442E-BDE4-CDE35B956A61}.Debug|Any CPU.Build.0 = Debug|Any CPU
{5398D988-F727-442E-BDE4-CDE35B956A61}.Release|Any CPU.ActiveCfg = Release|Any CPU
{5398D988-F727-442E-BDE4-CDE35B956A61}.Release|Any CPU.Build.0 = Release|Any CPU

{B260E06E-DFCC-453D-878B-8520B7260CB6}.Debug|Any CPU.ActiveCfg = Debug|Any CPU
{B260E06E-DFCC-453D-878B-8520B7260CB6}.Debug|Any CPU.Build.0 = Debug|Any CPU
{B260E06E-DFCC-453D-878B-8520B7260CB6}.Release|Any CPU.ActiveCfg = Release|Any CPU
{B260E06E-DFCC-453D-878B-8520B7260CB6}.Release|Any CPU.Build.0 = Release|Any CPU

{70376468-B60C-4FEF-AD2B-8FE30E244F1A}.Debug|Any CPU.ActiveCfg = Debug|Any CPU
{70376468-B60C-4FEF-AD2B-8FE30E244F1A}.Debug|Any CPU.Build.0 = Debug|Any CPU
{70376468-B60C-4FEF-AD2B-8FE30E244F1A}.Release|Any CPU.ActiveCfg = Release|Any CPU
{70376468-B60C-4FEF-AD2B-8FE30E244F1A}.Release|Any CPU.Build.0 = Release|Any CPU

{89A6F168-D92B-4DF8-8322-69EF3C47959C}.Debug|Any CPU.ActiveCfg = Debug|Any CPU
{89A6F168-D92B-4DF8-8322-69EF3C47959C}.Debug|Any CPU.Build.0 = Debug|Any CPU
{89A6F168-D92B-4DF8-8322-69EF3C47959C}.Release|Any CPU.ActiveCfg = Release|Any CPU
{89A6F168-D92B-4DF8-8322-69EF3C47959C}.Release|Any CPU.Build.0 = Release|Any CPU

{3DF40398-D24C-4972-B583-EFEADB1ABE1F}.Debug|Any CPU.ActiveCfg = Debug|Any CPU
{3DF40398-D24C-4972-B583-EFEADB1ABE1F}.Debug|Any CPU.Build.0 = Debug|Any CPU
{3DF40398-D24C-4972-B583-EFEADB1ABE1F}.Release|Any CPU.ActiveCfg = Release|Any CPU
{3DF40398-D24C-4972-B583-EFEADB1ABE1F}.Release|Any CPU.Build.0 = Release|Any CPU

{F2F49446-7513-4F4F-926E-B1B82BAB1112}.Debug|Any CPU.ActiveCfg = Debug|Any CPU
{F2F49446-7513-4F4F-926E-B1B82BAB1112}.Debug|Any CPU.Build.0 = Debug|Any CPU
{F2F49446-7513-4F4F-926E-B1B82BAB1112}.Release|Any CPU.ActiveCfg = Release|Any CPU
{F2F49446-7513-4F4F-926E-B1B82BAB1112}.Release|Any CPU.Build.0 = Release|Any CPU

{F0340CBA-A99E-4B02-BC67-33F166360518}.Debug|Any CPU.ActiveCfg = Debug|Any CPU
{F0340CBA-A99E-4B02-BC67-33F166360518}.Debug|Any CPU.Build.0 = Debug|Any CPU
{F0340CBA-A99E-4B02-BC67-33F166360518}.Release|Any CPU.ActiveCfg = Release|Any CPU
{F0340CBA-A99E-4B02-BC67-33F166360518}.Release|Any CPU.Build.0 = Release|Any CPU

{87B86E9F-98B9-4DC9-B4A0-F14DF335C46A}.Debug|Any CPU.ActiveCfg = Debug|Any CPU
{87B86E9F-98B9-4DC9-B4A0-F14DF335C46A}.Debug|Any CPU.Build.0 = Debug|Any CPU
{87B86E9F-98B9-4DC9-B4A0-F14DF335C46A}.Release|Any CPU.ActiveCfg = Release|Any CPU
{87B86E9F-98B9-4DC9-B4A0-F14DF335C46A}.Release|Any CPU.Build.0 = Release|Any CPU

{3ED162FA-5A33-4F36-91F8-FE6363097C2F}.Debug|Any CPU.ActiveCfg = Debug|Any CPU
{3ED162FA-5A33-4F36-91F8-FE6363097C2F}.Debug|Any CPU.Build.0 = Debug|Any CPU
{3ED162FA-5A33-4F36-91F8-FE6363097C2F}.Release|Any CPU.ActiveCfg = Release|Any CPU
{3ED162FA-5A33-4F36-91F8-FE6363097C2F}.Release|Any CPU.Build.0 = Release|Any CPU

{6CB89A8B-4DE3-43A1-9E9A-9ABE729ECF61}.Debug|Any CPU.ActiveCfg = Debug|Any CPU
{6CB89A8B-4DE3-43A1-9E9A-9ABE729ECF61}.Debug|Any CPU.Build.0 = Debug|Any CPU
{6CB89A8B-4DE3-43A1-9E9A-9ABE729ECF61}.Release|Any CPU.ActiveCfg = Release|Any CPU
{6CB89A8B-4DE3-43A1-9E9A-9ABE729ECF61}.Release|Any CPU.Build.0 = Release|Any CPU

{66AB95EC-42F9-4056-9C04-E4EAFEFB7977}.Debug|Any CPU.ActiveCfg = Debug|Any CPU
{66AB95EC-42F9-4056-9C04-E4EAFEFB7977}.Debug|Any CPU.Build.0 = Debug|Any CPU
{66AB95EC-42F9-4056-9C04-E4EAFEFB7977}.Release|Any CPU.ActiveCfg = Release|Any CPU
{66AB95EC-42F9-4056-9C04-E4EAFEFB7977}.Release|Any CPU.Build.0 = Release|Any CPU

{EBD5586C-843B-4F84-80A7-0D9D395C5A22}.Debug|Any CPU.ActiveCfg = Debug|Any CPU
{EBD5586C-843B-4F84-80A7-0D9D395C5A22}.Debug|Any CPU.Build.0 = Debug|Any CPU
{EBD5586C-843B-4F84-80A7-0D9D395C5A22}.Release|Any CPU.ActiveCfg = Release|Any CPU
{EBD5586C-843B-4F84-80A7-0D9D395C5A22}.Release|Any CPU.Build.0 = Release|Any CPU

{24A8722B-4C0A-437D-B649-40D5B9A3D6AA}.Debug|Any CPU.ActiveCfg = Debug|Any CPU
{24A8722B-4C0A-437D-B649-40D5B9A3D6AA}.Debug|Any CPU.Build.0 = Debug|Any CPU
{24A8722B-4C0A-437D-B649-40D5B9A3D6AA}.Release|Any CPU.ActiveCfg = Release|Any CPU
{24A8722B-4C0A-437D-B649-40D5B9A3D6AA}.Release|Any CPU.Build.0 = Release|Any CPU

{A2FC432F-CA2B-44EA-AFEF-08DB053536D5}.Debug|Any CPU.ActiveCfg = Debug|Any CPU
{A2FC432F-CA2B-44EA-AFEF-08DB053536D5}.Debug|Any CPU.Build.0 = Debug|Any CPU
{A2FC432F-CA2B-44EA-AFEF-08DB053536D5}.Release|Any CPU.ActiveCfg = Release|Any CPU
{A2FC432F-CA2B-44EA-AFEF-08DB053536D5}.Release|Any CPU.Build.0 = Release|Any CPU

{BD6C9569-B76C-459B-ADF1-DDF0E8288C63}.Debug|Any CPU.ActiveCfg = Debug|Any CPU
{BD6C9569-B76C-459B-ADF1-DDF0E8288C63}.Debug|Any CPU.Build.0 = Debug|Any CPU
{BD6C9569-B76C-459B-ADF1-DDF0E8288C63}.Release|Any CPU.ActiveCfg = Release|Any CPU
{BD6C9569-B76C-459B-ADF1-DDF0E8288C63}.Release|Any CPU.Build.0 = Release|Any CPU

{1CC4F447-38D0-4F2C-A6BB-999CA143A1B8}.Debug|Any CPU.ActiveCfg = Debug|Any CPU
{1CC4F447-38D0-4F2C-A6BB-999CA143A1B8}.Debug|Any CPU.Build.0 = Debug|Any CPU
{1CC4F447-38D0-4F2C-A6BB-999CA143A1B8}.Release|Any CPU.ActiveCfg = Release|Any CPU
{1CC4F447-38D0-4F2C-A6BB-999CA143A1B8}.Release|Any CPU.Build.0 = Release|Any CPU

{DFB98C0E-F8B2-4E43-9E2D-0854C39E74B8}.Debug|Any CPU.ActiveCfg = Debug|Any CPU
{DFB98C0E-F8B2-4E43-9E2D-0854C39E74B8}.Debug|Any CPU.Build.0 = Debug|Any CPU
{DFB98C0E-F8B2-4E43-9E2D-0854C39E74B8}.Release|Any CPU.ActiveCfg = Release|Any CPU
{DFB98C0E-F8B2-4E43-9E2D-0854C39E74B8}.Release|Any CPU.Build.0 = Release|Any CPU

{356DE91E-637C-4B23-8EA3-D91BD388399B}.Debug|Any CPU.ActiveCfg = Debug|Any CPU
{356DE91E-637C-4B23-8EA3-D91BD388399B}.Debug|Any CPU.Build.0 = Debug|Any CPU
{356DE91E-637C-4B23-8EA3-D91BD388399B}.Release|Any CPU.ActiveCfg = Release|Any CPU
{356DE91E-637C-4B23-8EA3-D91BD388399B}.Release|Any CPU.Build.0 = Release|Any CPU

{4B73F937-E1A5-4140-B4E7-EAF8CFC07D32}.Debug|Any CPU.ActiveCfg = Debug|Any CPU
{4B73F937-E1A5-4140-B4E7-EAF8CFC07D32}.Debug|Any CPU.Build.0 = Debug|Any CPU
{4B73F937-E1A5-4140-B4E7-EAF8CFC07D32}.Release|Any CPU.ActiveCfg = Release|Any CPU
{4B73F937-E1A5-4140-B4E7-EAF8CFC07D32}.Release|Any CPU.Build.0 = Release|Any CPU

{F9B4D923-7B7D-4A63-A006-63C05D8A298B}.Debug|Any CPU.ActiveCfg = Debug|Any CPU
{F9B4D923-7B7D-4A63-A006-63C05D8A298B}.Debug|Any CPU.Build.0 = Debug|Any CPU
{F9B4D923-7B7D-4A63-A006-63C05D8A298B}.Release|Any CPU.ActiveCfg = Release|Any CPU
{F9B4D923-7B7D-4A63-A006-63C05D8A298B}.Release|Any CPU.Build.0 = Release|Any CPU


	EndGlobalSection
	GlobalSection(SolutionProperties) = preSolution
		HideSolutionNode = FALSE
	EndGlobalSection
	GlobalSection(NestedProjects) = preSolution
{853A1B65-F7A9-4669-BBF1-DA4E8345FDAA} = {4D7AA6CE-9187-4A04-B3DE-765EB9F4E96F}
{F4CE8570-3067-4512-841E-72A42C143285} = {CDD03FB7-DB58-4E52-940B-7770EC5723F1}
{1A6D02EF-05B2-476C-9737-47FCD0BAB93C} = {D202C0F3-9360-4550-A804-C407B157306D}
{A487FDCB-8EF1-4143-ACB6-531D60A556A9} = {D202C0F3-9360-4550-A804-C407B157306D}
{859439CA-83FB-4DA6-A817-3F7D6C91F2F5} = {D202C0F3-9360-4550-A804-C407B157306D}
{A6561268-085D-4829-B398-032CF0F65B30} = {D202C0F3-9360-4550-A804-C407B157306D}
{ACEF2B89-C2F6-442B-9589-DA0CC80180BC} = {D202C0F3-9360-4550-A804-C407B157306D}
{54281A37-E8C6-402E-A1EB-E38F1BAE7972} = {D202C0F3-9360-4550-A804-C407B157306D}
{19CADD67-B4E9-49ED-BB59-9B91519DE616} = {CDD03FB7-DB58-4E52-940B-7770EC5723F1}
{511FC9A9-0358-425E-A848-BDA70ADE37B6} = {D202C0F3-9360-4550-A804-C407B157306D}
{A19674BD-68D3-4362-98F6-767AA82CBA58} = {D202C0F3-9360-4550-A804-C407B157306D}
{B321623F-92F9-4512-A4CC-BD12154C0FBA} = {CDD03FB7-DB58-4E52-940B-7770EC5723F1}
{4202D581-9EC6-4212-8D4F-8737F1FC9FAB} = {4D7AA6CE-9187-4A04-B3DE-765EB9F4E96F}
{5398D988-F727-442E-BDE4-CDE35B956A61} = {4D7AA6CE-9187-4A04-B3DE-765EB9F4E96F}
{B260E06E-DFCC-453D-878B-8520B7260CB6} = {CDD03FB7-DB58-4E52-940B-7770EC5723F1}
{70376468-B60C-4FEF-AD2B-8FE30E244F1A} = {D202C0F3-9360-4550-A804-C407B157306D}
{89A6F168-D92B-4DF8-8322-69EF3C47959C} = {D202C0F3-9360-4550-A804-C407B157306D}
{3DF40398-D24C-4972-B583-EFEADB1ABE1F} = {D202C0F3-9360-4550-A804-C407B157306D}
{F2F49446-7513-4F4F-926E-B1B82BAB1112} = {D202C0F3-9360-4550-A804-C407B157306D}
{F0340CBA-A99E-4B02-BC67-33F166360518} = {CDD03FB7-DB58-4E52-940B-7770EC5723F1}
{87B86E9F-98B9-4DC9-B4A0-F14DF335C46A} = {D202C0F3-9360-4550-A804-C407B157306D}
{3ED162FA-5A33-4F36-91F8-FE6363097C2F} = {CDD03FB7-DB58-4E52-940B-7770EC5723F1}
{6CB89A8B-4DE3-43A1-9E9A-9ABE729ECF61} = {D202C0F3-9360-4550-A804-C407B157306D}
{66AB95EC-42F9-4056-9C04-E4EAFEFB7977} = {D202C0F3-9360-4550-A804-C407B157306D}
{EBD5586C-843B-4F84-80A7-0D9D395C5A22} = {D202C0F3-9360-4550-A804-C407B157306D}
{24A8722B-4C0A-437D-B649-40D5B9A3D6AA} = {D202C0F3-9360-4550-A804-C407B157306D}
{A2FC432F-CA2B-44EA-AFEF-08DB053536D5} = {D202C0F3-9360-4550-A804-C407B157306D}
{BD6C9569-B76C-459B-ADF1-DDF0E8288C63} = {D202C0F3-9360-4550-A804-C407B157306D}
{1CC4F447-38D0-4F2C-A6BB-999CA143A1B8} = {D202C0F3-9360-4550-A804-C407B157306D}
{DFB98C0E-F8B2-4E43-9E2D-0854C39E74B8} = {D202C0F3-9360-4550-A804-C407B157306D}
{356DE91E-637C-4B23-8EA3-D91BD388399B} = {CDD03FB7-DB58-4E52-940B-7770EC5723F1}
{4B73F937-E1A5-4140-B4E7-EAF8CFC07D32} = {D202C0F3-9360-4550-A804-C407B157306D}
{F9B4D923-7B7D-4A63-A006-63C05D8A298B} = {CDD03FB7-DB58-4E52-940B-7770EC5723F1}

	EndGlobalSection
EndGlobal

