
Microsoft Visual Studio Solution File, Format Version 12.00
# Visual Studio Version 16
VisualStudioVersion = 16.0.29503.13
MinimumVisualStudioVersion = 10.0.40219.1
Project("{FAE04EC0-301F-11D3-BF4B-00C04F79EFBC}") = "MetadataEditorDemo", "MetadataEditorDemo.csproj", "{3065AEF2-DFE9-447A-B933-F6EBEC30CF68}"
EndProject
Global
	GlobalSection(SolutionConfigurationPlatforms) = preSolution
		Debug|Any CPU = Debug|Any CPU
		Release|Any CPU = Release|Any CPU
	EndGlobalSection
	GlobalSection(ProjectConfigurationPlatforms) = postSolution
		{3065AEF2-DFE9-447A-B933-F6EBEC30CF68}.Debug|Any CPU.ActiveCfg = Debug|Any CPU
		{3065AEF2-DFE9-447A-B933-F6EBEC30CF68}.Debug|Any CPU.Build.0 = Debug|Any CPU
		{3065AEF2-DFE9-447A-B933-F6EBEC30CF68}.Release|Any CPU.ActiveCfg = Release|Any CPU
		{3065AEF2-DFE9-447A-B933-F6EBEC30CF68}.Release|Any CPU.Build.0 = Release|Any CPU
	EndGlobalSection
	GlobalSection(SolutionProperties) = preSolution
		HideSolutionNode = FALSE
	EndGlobalSection
	GlobalSection(ExtensibilityGlobals) = postSolution
		SolutionGuid = {B3557996-A40C-43AB-AC7D-C29D12EFA57A}
	EndGlobalSection
EndGlobal
