
Microsoft Visual Studio Solution File, Format Version 12.00
# Visual Studio Version 16
VisualStudioVersion = 16.0.30621.155
MinimumVisualStudioVersion = 10.0.40219.1
Project("{9A19103F-16F7-4668-BE54-9A1E7A4F7556}") = "GeneralAssembly_ext.NETCore", "GeneralAssembly_ext.NETCore.csproj", "{70C0EF6F-C5BB-465C-BE36-0C7989889A68}"
EndProject
Global
	GlobalSection(SolutionConfigurationPlatforms) = preSolution
		Debug|Any CPU = Debug|Any CPU
		Release|Any CPU = Release|Any CPU
	EndGlobalSection
	GlobalSection(ProjectConfigurationPlatforms) = postSolution
		{70C0EF6F-C5BB-465C-BE36-0C7989889A68}.Debug|Any CPU.ActiveCfg = Debug|Any CPU
		{70C0EF6F-C5BB-465C-BE36-0C7989889A68}.Debug|Any CPU.Build.0 = Debug|Any CPU
		{70C0EF6F-C5BB-465C-BE36-0C7989889A68}.Release|Any CPU.ActiveCfg = Release|Any CPU
		{70C0EF6F-C5BB-465C-BE36-0C7989889A68}.Release|Any CPU.Build.0 = Release|Any CPU
	EndGlobalSection
	GlobalSection(SolutionProperties) = preSolution
		HideSolutionNode = FALSE
	EndGlobalSection
	GlobalSection(ExtensibilityGlobals) = postSolution
		SolutionGuid = {301ED18A-A501-4239-B503-67C9C37CAD08}
	EndGlobalSection
EndGlobal
